Microsoft Visual Studio Solution File, Format Version 12.00
# Visual Studio 2012
Project("{FAE04EC0-301F-11D3-BF4B-00C04F79EFBC}") = "Test01", "Test01.csproj", "{CBD232A9-756E-4A82-A87F-8D171B386128}"
EndProject
Global
	GlobalSection(SolutionConfigurationPlatforms) = preSolution
	Debug|Any CPU = Debug|Any CPU
	ExportDebug|Any CPU = ExportDebug|Any CPU
	ExportRelease|Any CPU = ExportRelease|Any CPU
	EndGlobalSection
	GlobalSection(ProjectConfigurationPlatforms) = postSolution
		{CBD232A9-756E-4A82-A87F-8D171B386128}.Debug|Any CPU.ActiveCfg = Debug|Any CPU
		{CBD232A9-756E-4A82-A87F-8D171B386128}.Debug|Any CPU.Build.0 = Debug|Any CPU
		{CBD232A9-756E-4A82-A87F-8D171B386128}.ExportDebug|Any CPU.ActiveCfg = ExportDebug|Any CPU
		{CBD232A9-756E-4A82-A87F-8D171B386128}.ExportDebug|Any CPU.Build.0 = ExportDebug|Any CPU
		{CBD232A9-756E-4A82-A87F-8D171B386128}.ExportRelease|Any CPU.ActiveCfg = ExportRelease|Any CPU
		{CBD232A9-756E-4A82-A87F-8D171B386128}.ExportRelease|Any CPU.Build.0 = ExportRelease|Any CPU
	EndGlobalSection
EndGlobal
